
Microsoft Visual Studio Solution File, Format Version 12.00
# Visual Studio 15
VisualStudioVersion = 15.0.26430.13
MinimumVisualStudioVersion = 10.0.40219.1
Project("{FAE04EC0-301F-11D3-BF4B-00C04F79EFBC}") = "QueueTest", "QueueTest\QueueTest.csproj", "{404FC263-438D-4A24-B6FB-9BBF387F7611}"
EndProject
Project("{FAE04EC0-301F-11D3-BF4B-00C04F79EFBC}") = "NumbersFinder", "NumberFinder\NumbersFinder.csproj", "{47ECE1FD-BE84-40E4-A49F-A16EEF1FCAEF}"
EndProject
Global
	GlobalSection(SolutionConfigurationPlatforms) = preSolution
		Debug|Any CPU = Debug|Any CPU
		Release|Any CPU = Release|Any CPU
	EndGlobalSection
	GlobalSection(ProjectConfigurationPlatforms) = postSolution
		{404FC263-438D-4A24-B6FB-9BBF387F7611}.Debug|Any CPU.ActiveCfg = Debug|Any CPU
		{404FC263-438D-4A24-B6FB-9BBF387F7611}.Debug|Any CPU.Build.0 = Debug|Any CPU
		{404FC263-438D-4A24-B6FB-9BBF387F7611}.Release|Any CPU.ActiveCfg = Release|Any CPU
		{404FC263-438D-4A24-B6FB-9BBF387F7611}.Release|Any CPU.Build.0 = Release|Any CPU
		{47ECE1FD-BE84-40E4-A49F-A16EEF1FCAEF}.Debug|Any CPU.ActiveCfg = Debug|Any CPU
		{47ECE1FD-BE84-40E4-A49F-A16EEF1FCAEF}.Debug|Any CPU.Build.0 = Debug|Any CPU
		{47ECE1FD-BE84-40E4-A49F-A16EEF1FCAEF}.Release|Any CPU.ActiveCfg = Release|Any CPU
		{47ECE1FD-BE84-40E4-A49F-A16EEF1FCAEF}.Release|Any CPU.Build.0 = Release|Any CPU
	EndGlobalSection
	GlobalSection(SolutionProperties) = preSolution
		HideSolutionNode = FALSE
	EndGlobalSection
EndGlobal
